
Microsoft Visual Studio Solution File, Format Version 12.00
# Visual Studio Version 17
VisualStudioVersion = 17.14.36511.14 d17.14
MinimumVisualStudioVersion = 10.0.40219.1
Project("{FAE04EC0-301F-11D3-BF4B-00C04F79EFBC}") = "Ejercicio_1", "Ejercicio_1\Ejercicio_1.csproj", "{F2C548F2-FE94-43E0-932B-45D3AAF6227F}"
EndProject
Project("{FAE04EC0-301F-11D3-BF4B-00C04F79EFBC}") = "Ejercicio_2", "Ejercicio_2\Ejercicio_2.csproj", "{D8D2BD6E-D3E9-4D2F-9343-A79EE145809F}"
EndProject
Project("{FAE04EC0-301F-11D3-BF4B-00C04F79EFBC}") = "Ejercicio_3", "Ejercicio_3\Ejercicio_3.csproj", "{298CC86E-A457-4322-88AA-DDDA4DFDC730}"
EndProject
Project("{FAE04EC0-301F-11D3-BF4B-00C04F79EFBC}") = "Ejercicio_4", "Ejercicio_4\Ejercicio_4.csproj", "{42BB0855-37C7-48E5-97B8-AF2A4F427150}"
EndProject
Global
	GlobalSection(SolutionConfigurationPlatforms) = preSolution
		Debug|Any CPU = Debug|Any CPU
		Release|Any CPU = Release|Any CPU
	EndGlobalSection
	GlobalSection(ProjectConfigurationPlatforms) = postSolution
		{F2C548F2-FE94-43E0-932B-45D3AAF6227F}.Debug|Any CPU.ActiveCfg = Debug|Any CPU
		{F2C548F2-FE94-43E0-932B-45D3AAF6227F}.Debug|Any CPU.Build.0 = Debug|Any CPU
		{F2C548F2-FE94-43E0-932B-45D3AAF6227F}.Release|Any CPU.ActiveCfg = Release|Any CPU
		{F2C548F2-FE94-43E0-932B-45D3AAF6227F}.Release|Any CPU.Build.0 = Release|Any CPU
		{D8D2BD6E-D3E9-4D2F-9343-A79EE145809F}.Debug|Any CPU.ActiveCfg = Debug|Any CPU
		{D8D2BD6E-D3E9-4D2F-9343-A79EE145809F}.Debug|Any CPU.Build.0 = Debug|Any CPU
		{D8D2BD6E-D3E9-4D2F-9343-A79EE145809F}.Release|Any CPU.ActiveCfg = Release|Any CPU
		{D8D2BD6E-D3E9-4D2F-9343-A79EE145809F}.Release|Any CPU.Build.0 = Release|Any CPU
		{298CC86E-A457-4322-88AA-DDDA4DFDC730}.Debug|Any CPU.ActiveCfg = Debug|Any CPU
		{298CC86E-A457-4322-88AA-DDDA4DFDC730}.Debug|Any CPU.Build.0 = Debug|Any CPU
		{298CC86E-A457-4322-88AA-DDDA4DFDC730}.Release|Any CPU.ActiveCfg = Release|Any CPU
		{298CC86E-A457-4322-88AA-DDDA4DFDC730}.Release|Any CPU.Build.0 = Release|Any CPU
		{42BB0855-37C7-48E5-97B8-AF2A4F427150}.Debug|Any CPU.ActiveCfg = Debug|Any CPU
		{42BB0855-37C7-48E5-97B8-AF2A4F427150}.Debug|Any CPU.Build.0 = Debug|Any CPU
		{42BB0855-37C7-48E5-97B8-AF2A4F427150}.Release|Any CPU.ActiveCfg = Release|Any CPU
		{42BB0855-37C7-48E5-97B8-AF2A4F427150}.Release|Any CPU.Build.0 = Release|Any CPU
	EndGlobalSection
	GlobalSection(SolutionProperties) = preSolution
		HideSolutionNode = FALSE
	EndGlobalSection
	GlobalSection(ExtensibilityGlobals) = postSolution
		SolutionGuid = {C908C2B1-E0DA-4612-A0C2-995B859150BD}
	EndGlobalSection
EndGlobal
